
Microsoft Visual Studio Solution File, Format Version 12.00
# Visual Studio Version 17
VisualStudioVersion = 17.0.31903.59
MinimumVisualStudioVersion = 10.0.40219.1
Project("{2150E333-8FDC-42A3-9474-1A3956D46DE8}") = "ion.core", "ion.core", "{A67FF981-C647-4CDF-BF05-CAA1FF75BC09}"
EndProject
Project("{2150E333-8FDC-42A3-9474-1A3956D46DE8}") = "build", "build", "{2971E3AC-6F4A-4A46-AB06-8A63FCA121D2}"
EndProject
Project("{9A19103F-16F7-4668-BE54-9A1E7A4F7556}") = "_build", "build\_build.csproj", "{038D5471-75E9-44A0-81DB-C012D4DFF783}"
EndProject
Project("{2150E333-8FDC-42A3-9474-1A3956D46DE8}") = "ion-testing-pkg", "ion-testing-pkg", "{AC79CAE8-BA2E-4469-8EC4-ACEEC78F7C38}"
EndProject
Project("{2150E333-8FDC-42A3-9474-1A3956D46DE8}") = "src", "src", "{E443103C-A0D3-478C-A856-E32A7DB9A3FD}"
EndProject
Project("{9A19103F-16F7-4668-BE54-9A1E7A4F7556}") = "Ion.Testing", "ion.core\ion-testing-pkg\src\Ion.Testing\Ion.Testing.csproj", "{188E972F-0248-45A7-A2FF-E7B8E6136E0D}"
EndProject
Project("{2150E333-8FDC-42A3-9474-1A3956D46DE8}") = "tests", "tests", "{B2AB3A91-B830-43A1-9726-EA98B0158452}"
EndProject
Project("{9A19103F-16F7-4668-BE54-9A1E7A4F7556}") = "Ion.Testing.Tests", "ion.core\ion-testing-pkg\tests\Ion.Testing.Tests\Ion.Testing.Tests.csproj", "{3071BA26-6BB3-4473-A418-2B2528D1C2F1}"
EndProject
Project("{2150E333-8FDC-42A3-9474-1A3956D46DE8}") = "ion.microservices", "ion.microservices", "{D9230EE7-8C86-41C8-93B4-CBF40A807C05}"
EndProject
Project("{2150E333-8FDC-42A3-9474-1A3956D46DE8}") = "ion-microservices-api-pkg", "ion-microservices-api-pkg", "{FD0193A5-FC2A-4222-95B4-9BFEE1ECD0D8}"
EndProject
Project("{2150E333-8FDC-42A3-9474-1A3956D46DE8}") = "src", "src", "{6EFAA584-743C-4E88-A018-BBBB747CE90A}"
EndProject
Project("{2150E333-8FDC-42A3-9474-1A3956D46DE8}") = "ion-microservices-graphql-pkg", "ion-microservices-graphql-pkg", "{FAED669B-88F2-4B25-9432-B86EBE1C2843}"
EndProject
Project("{2150E333-8FDC-42A3-9474-1A3956D46DE8}") = "ion-microservices-grpc-pkg", "ion-microservices-grpc-pkg", "{3FCFCFEC-2C6D-4F61-8A98-3B0672FD84D0}"
EndProject
Project("{2150E333-8FDC-42A3-9474-1A3956D46DE8}") = "src", "src", "{7D34EA38-E47F-4D10-A5AB-D0D47BEAE20B}"
EndProject
Project("{2150E333-8FDC-42A3-9474-1A3956D46DE8}") = "src", "src", "{44E5A341-CC4D-4B7E-A290-28F1CCBFAAE7}"
EndProject
Project("{9A19103F-16F7-4668-BE54-9A1E7A4F7556}") = "Ion.MicroServices.Api", "ion.microservices\ion-microservices-api-pkg\src\Ion.MicroServices.Api\Ion.MicroServices.Api.csproj", "{620EA789-3944-4515-8076-1527F48C8C10}"
EndProject
Project("{9A19103F-16F7-4668-BE54-9A1E7A4F7556}") = "Ion.MicroServices.GraphQL", "ion.microservices\ion-microservices-graphql-pkg\src\Ion.MicroServices.GraphQL\Ion.MicroServices.GraphQL.csproj", "{4846FA6C-3CC1-468C-A376-4292EAA147FC}"
EndProject
Project("{2150E333-8FDC-42A3-9474-1A3956D46DE8}") = "demo", "demo", "{4853B384-0A97-48F4-93D5-C4B7E1DA2CBF}"
EndProject
Project("{9A19103F-16F7-4668-BE54-9A1E7A4F7556}") = "Ion.MicroServices.Api.Demo", "ion.microservices\ion-microservices-api-pkg\demo\Ion.MicroServices.Api.Demo\Ion.MicroServices.Api.Demo.csproj", "{0B14C616-369C-45C6-8944-D33AA935A8F5}"
EndProject
Project("{2150E333-8FDC-42A3-9474-1A3956D46DE8}") = "demo", "demo", "{A4CEDAC8-C6F4-4F8D-893D-EFFE412B4FB3}"
EndProject
Project("{9A19103F-16F7-4668-BE54-9A1E7A4F7556}") = "Ion.MicroServices.GraphQL.Demo", "ion.microservices\ion-microservices-graphql-pkg\demo\Ion.MicroServices.GraphQL.Demo\Ion.MicroServices.GraphQL.Demo.csproj", "{BF208DA9-C4E9-4A1A-B625-FC12471741D7}"
EndProject
Project("{9A19103F-16F7-4668-BE54-9A1E7A4F7556}") = "Ion.MicroServices.Grpc", "ion.microservices\ion-microservices-grpc-pkg\src\Ion.MicroServices.Grpc\Ion.MicroServices.Grpc.csproj", "{1E98688B-386C-41B1-ADA5-E9BB87030FCB}"
EndProject
Project("{2150E333-8FDC-42A3-9474-1A3956D46DE8}") = "demo", "demo", "{062D05AE-28E9-46C4-B823-5419523B922F}"
EndProject
Project("{9A19103F-16F7-4668-BE54-9A1E7A4F7556}") = "Ion.MicroServices.Demo.Grpc", "ion.microservices\ion-microservices-grpc-pkg\demo\Ion.MicroServices.Demo.Grpc\Ion.MicroServices.Demo.Grpc.csproj", "{CE153663-AE75-46EC-91A6-B469E14BD3B6}"
EndProject
Project("{9A19103F-16F7-4668-BE54-9A1E7A4F7556}") = "Ion.MicroServices.Demo.GrpcCodeFirst", "ion.microservices\ion-microservices-grpc-pkg\demo\Ion.MicroServices.Demo.GrpcCodeFirst\Ion.MicroServices.Demo.GrpcCodeFirst.csproj", "{2A802FDB-8C24-4A0D-A3AA-29555632CB81}"
EndProject
Project("{2150E333-8FDC-42A3-9474-1A3956D46DE8}") = "ion-abstractions-pkg", "ion-abstractions-pkg", "{9F748E84-AA03-461C-B61A-6D3C8E35E09D}"
EndProject
Project("{2150E333-8FDC-42A3-9474-1A3956D46DE8}") = "src", "src", "{464E34F3-2C3A-4B9E-82BC-D3BD336B3B4B}"
EndProject
Project("{2150E333-8FDC-42A3-9474-1A3956D46DE8}") = "ion-microservices-pkg", "ion-microservices-pkg", "{2D9399C9-5C39-418A-A0C7-8C6C84D7F5BF}"
EndProject
Project("{2150E333-8FDC-42A3-9474-1A3956D46DE8}") = "src", "src", "{C7FC31C5-2AD8-4692-B27D-5B51F2AD8D86}"
EndProject
Project("{2150E333-8FDC-42A3-9474-1A3956D46DE8}") = "tests", "tests", "{F146D767-87DB-45A3-B21F-5BC069D53EFC}"
EndProject
Project("{2150E333-8FDC-42A3-9474-1A3956D46DE8}") = "demo", "demo", "{BD1C4C8B-C64C-41C0-9B5E-1F7C20875C8F}"
EndProject
Project("{9A19103F-16F7-4668-BE54-9A1E7A4F7556}") = "Ion.Abstractions", "ion.core\ion-abstractions-pkg\src\Ion.Abstractions\Ion.Abstractions.csproj", "{FABF7E3F-5F3F-4A28-B2D3-5B5273E08DFE}"
EndProject
Project("{9A19103F-16F7-4668-BE54-9A1E7A4F7556}") = "Ion.MicroServices", "ion.microservices\ion-microservices-pkg\src\Ion.MicroServices\Ion.MicroServices.csproj", "{118EFC63-5FDD-4B52-81A9-92F3870FAD35}"
EndProject
Project("{2150E333-8FDC-42A3-9474-1A3956D46DE8}") = "Solution Items", "Solution Items", "{C1F7EF0D-EFB6-464C-8A03-A7F6BBF70F72}"
	ProjectSection(SolutionItems) = preProject
		.editorconfig = .editorconfig
	EndProjectSection
EndProject
Project("{9A19103F-16F7-4668-BE54-9A1E7A4F7556}") = "Ion.MicroServices.ApiControllers.Demo", "ion.microservices\ion-microservices-api-pkg\demo\Ion.MicroServices.ApiiControllers.Demo\Ion.MicroServices.ApiControllers.Demo.csproj", "{F4A1D988-C2A1-439A-8599-46602100D3F2}"
EndProject
Project("{9A19103F-16F7-4668-BE54-9A1E7A4F7556}") = "Ion.MicroServices.Tests", "ion.microservices\ion-microservices-pkg\tests\Ion.MicroServices.Tests\Ion.MicroServices.Tests.csproj", "{1855F90A-DB7B-412F-9E0F-368B5730B834}"
EndProject
Project("{9A19103F-16F7-4668-BE54-9A1E7A4F7556}") = "Ion.Microservices.Demo", "ion.microservices\ion-microservices-pkg\demo\Ion.Microservices.Demo\Ion.Microservices.Demo.csproj", "{CFDAA456-5FE4-4068-9FC2-A0D461955BE7}"
EndProject
Project("{2150E333-8FDC-42A3-9474-1A3956D46DE8}") = "ion-microservices-job-pkg", "ion-microservices-job-pkg", "{25B26BA1-9CD4-4E25-BBB6-A2EAF4FF61A3}"
EndProject
Project("{2150E333-8FDC-42A3-9474-1A3956D46DE8}") = "src", "src", "{87EB8E1C-E46B-429D-983F-EA55FF4A24FB}"
EndProject
Project("{2150E333-8FDC-42A3-9474-1A3956D46DE8}") = "demo", "demo", "{E2030C68-5B35-40B0-8B39-E5822CC25980}"
EndProject
Project("{9A19103F-16F7-4668-BE54-9A1E7A4F7556}") = "Ion.MicroServices.Job", "ion.microservices\ion-microservices-job-pkg\src\Ion.MicroServices.Job\Ion.MicroServices.Job.csproj", "{68742CB4-3C69-40A4-ACED-A7009A8F6F71}"
EndProject
Project("{9A19103F-16F7-4668-BE54-9A1E7A4F7556}") = "Ion.MicroServices.Job.Demo", "ion.microservices\ion-microservices-job-pkg\demo\Ion.MicroServices.Job.Demo\Ion.MicroServices.Job.Demo.csproj", "{59376FCE-6302-4A7A-82CB-44A2AFD1B335}"
EndProject
Project("{2150E333-8FDC-42A3-9474-1A3956D46DE8}") = "ion.logging", "ion.logging", "{EA9128EB-F470-4635-ABC2-52454E61FF8D}"
EndProject
Project("{2150E333-8FDC-42A3-9474-1A3956D46DE8}") = "ion-logging-pkg", "ion-logging-pkg", "{F3698736-37E3-4475-A615-0A480ED64D29}"
EndProject
Project("{2150E333-8FDC-42A3-9474-1A3956D46DE8}") = "src", "src", "{18AE0719-8CBE-413A-B229-48BB330910F6}"
EndProject
Project("{9A19103F-16F7-4668-BE54-9A1E7A4F7556}") = "Ion.Logging", "ion.logging\ion-logging-pkg\src\Ion.Logging\Ion.Logging.csproj", "{1EA23088-19E2-4B1A-9AEB-3F3A690AD995}"
EndProject
Project("{2150E333-8FDC-42A3-9474-1A3956D46DE8}") = "tests", "tests", "{71A45C28-93B9-46D6-8804-DFEA528EEDE9}"
EndProject
Project("{9A19103F-16F7-4668-BE54-9A1E7A4F7556}") = "Ion.Abstractions.Tests", "ion.core\ion-abstractions-pkg\tests\Ion.Abstractions.Tests\Ion.Abstractions.Tests.csproj", "{1273C1B9-D026-45BA-80C2-C4B18E100016}"
EndProject
Project("{2150E333-8FDC-42A3-9474-1A3956D46DE8}") = "tests", "tests", "{3DC2C7DD-7925-4769-9012-7EC8124313FA}"
EndProject
Project("{9A19103F-16F7-4668-BE54-9A1E7A4F7556}") = "Ion.Logging.Tests", "ion.logging\ion-logging-pkg\tests\Ion.Logging.Tests\Ion.Logging.Tests.csproj", "{BE698EF5-B0F1-4A11-B5C2-6BB3F92D1D04}"
EndProject
Project("{2150E333-8FDC-42A3-9474-1A3956D46DE8}") = "ion-logging-logzio-pkg", "ion-logging-logzio-pkg", "{5F14EFF4-B7D7-4A97-B5FA-A3FFDCD42580}"
EndProject
Project("{2150E333-8FDC-42A3-9474-1A3956D46DE8}") = "src", "src", "{B0801DF4-4AAD-4974-9FD7-B7CD7C4A3308}"
EndProject
Project("{2150E333-8FDC-42A3-9474-1A3956D46DE8}") = "tests", "tests", "{1D8C7B1B-75ED-4557-A2EE-F715C9A9B856}"
EndProject
Project("{9A19103F-16F7-4668-BE54-9A1E7A4F7556}") = "Ion.Logging.LogzIo", "ion.logging\ion-logging-logzio-pkg\src\Ion.Logging.LogzIo\Ion.Logging.LogzIo.csproj", "{0210ED92-1620-4316-94C8-D2C582C868E0}"
EndProject
Project("{9A19103F-16F7-4668-BE54-9A1E7A4F7556}") = "Ion.Logging.LogzIo.Tests", "ion.logging\ion-logging-logzio-pkg\tests\Ion.Logging.LogzIo.Tests\Ion.Logging.LogzIo.Tests.csproj", "{82EF126F-1456-4C33-8E65-DF8B663760A0}"
EndProject
Project("{2150E333-8FDC-42A3-9474-1A3956D46DE8}") = "ion.servicediscovery", "ion.servicediscovery", "{2516980D-B0AC-48ED-9C15-E73D4F80A7C0}"
EndProject
Project("{2150E333-8FDC-42A3-9474-1A3956D46DE8}") = "ion-servicediscovery-consul-pkg", "ion-servicediscovery-consul-pkg", "{7D03DF4D-5B2A-43E0-B0F7-CCA3A148DC79}"
EndProject
Project("{2150E333-8FDC-42A3-9474-1A3956D46DE8}") = "src", "src", "{E9F539FE-E324-4412-B6FE-284AA2686153}"
EndProject
Project("{FAE04EC0-301F-11D3-BF4B-00C04F79EFBC}") = "Ion.ServiceDiscovery.Consul", "ion.servicediscovery\ion-servicediscovery-consul-pkg\src\Ion.ServiceDiscovery.Consul\Ion.ServiceDiscovery.Consul.csproj", "{F7555141-F5CF-4B05-A024-D2E448B169B9}"
EndProject
Global
	GlobalSection(SolutionConfigurationPlatforms) = preSolution
		Debug|Any CPU = Debug|Any CPU
		Release|Any CPU = Release|Any CPU
	EndGlobalSection
	GlobalSection(ProjectConfigurationPlatforms) = postSolution
		{038D5471-75E9-44A0-81DB-C012D4DFF783}.Debug|Any CPU.ActiveCfg = Debug|Any CPU
		{038D5471-75E9-44A0-81DB-C012D4DFF783}.Debug|Any CPU.Build.0 = Debug|Any CPU
		{038D5471-75E9-44A0-81DB-C012D4DFF783}.Release|Any CPU.ActiveCfg = Release|Any CPU
		{038D5471-75E9-44A0-81DB-C012D4DFF783}.Release|Any CPU.Build.0 = Release|Any CPU
		{188E972F-0248-45A7-A2FF-E7B8E6136E0D}.Debug|Any CPU.ActiveCfg = Debug|Any CPU
		{188E972F-0248-45A7-A2FF-E7B8E6136E0D}.Debug|Any CPU.Build.0 = Debug|Any CPU
		{188E972F-0248-45A7-A2FF-E7B8E6136E0D}.Release|Any CPU.ActiveCfg = Release|Any CPU
		{188E972F-0248-45A7-A2FF-E7B8E6136E0D}.Release|Any CPU.Build.0 = Release|Any CPU
		{3071BA26-6BB3-4473-A418-2B2528D1C2F1}.Debug|Any CPU.ActiveCfg = Debug|Any CPU
		{3071BA26-6BB3-4473-A418-2B2528D1C2F1}.Debug|Any CPU.Build.0 = Debug|Any CPU
		{3071BA26-6BB3-4473-A418-2B2528D1C2F1}.Release|Any CPU.ActiveCfg = Release|Any CPU
		{3071BA26-6BB3-4473-A418-2B2528D1C2F1}.Release|Any CPU.Build.0 = Release|Any CPU
		{620EA789-3944-4515-8076-1527F48C8C10}.Debug|Any CPU.ActiveCfg = Debug|Any CPU
		{620EA789-3944-4515-8076-1527F48C8C10}.Debug|Any CPU.Build.0 = Debug|Any CPU
		{620EA789-3944-4515-8076-1527F48C8C10}.Release|Any CPU.ActiveCfg = Release|Any CPU
		{620EA789-3944-4515-8076-1527F48C8C10}.Release|Any CPU.Build.0 = Release|Any CPU
		{4846FA6C-3CC1-468C-A376-4292EAA147FC}.Debug|Any CPU.ActiveCfg = Debug|Any CPU
		{4846FA6C-3CC1-468C-A376-4292EAA147FC}.Debug|Any CPU.Build.0 = Debug|Any CPU
		{4846FA6C-3CC1-468C-A376-4292EAA147FC}.Release|Any CPU.ActiveCfg = Release|Any CPU
		{4846FA6C-3CC1-468C-A376-4292EAA147FC}.Release|Any CPU.Build.0 = Release|Any CPU
		{0B14C616-369C-45C6-8944-D33AA935A8F5}.Debug|Any CPU.ActiveCfg = Debug|Any CPU
		{0B14C616-369C-45C6-8944-D33AA935A8F5}.Debug|Any CPU.Build.0 = Debug|Any CPU
		{0B14C616-369C-45C6-8944-D33AA935A8F5}.Release|Any CPU.ActiveCfg = Release|Any CPU
		{0B14C616-369C-45C6-8944-D33AA935A8F5}.Release|Any CPU.Build.0 = Release|Any CPU
		{BF208DA9-C4E9-4A1A-B625-FC12471741D7}.Debug|Any CPU.ActiveCfg = Debug|Any CPU
		{BF208DA9-C4E9-4A1A-B625-FC12471741D7}.Debug|Any CPU.Build.0 = Debug|Any CPU
		{BF208DA9-C4E9-4A1A-B625-FC12471741D7}.Release|Any CPU.ActiveCfg = Release|Any CPU
		{BF208DA9-C4E9-4A1A-B625-FC12471741D7}.Release|Any CPU.Build.0 = Release|Any CPU
		{1E98688B-386C-41B1-ADA5-E9BB87030FCB}.Debug|Any CPU.ActiveCfg = Debug|Any CPU
		{1E98688B-386C-41B1-ADA5-E9BB87030FCB}.Debug|Any CPU.Build.0 = Debug|Any CPU
		{1E98688B-386C-41B1-ADA5-E9BB87030FCB}.Release|Any CPU.ActiveCfg = Release|Any CPU
		{1E98688B-386C-41B1-ADA5-E9BB87030FCB}.Release|Any CPU.Build.0 = Release|Any CPU
		{CE153663-AE75-46EC-91A6-B469E14BD3B6}.Debug|Any CPU.ActiveCfg = Debug|Any CPU
		{CE153663-AE75-46EC-91A6-B469E14BD3B6}.Debug|Any CPU.Build.0 = Debug|Any CPU
		{CE153663-AE75-46EC-91A6-B469E14BD3B6}.Release|Any CPU.ActiveCfg = Release|Any CPU
		{CE153663-AE75-46EC-91A6-B469E14BD3B6}.Release|Any CPU.Build.0 = Release|Any CPU
		{2A802FDB-8C24-4A0D-A3AA-29555632CB81}.Debug|Any CPU.ActiveCfg = Debug|Any CPU
		{2A802FDB-8C24-4A0D-A3AA-29555632CB81}.Debug|Any CPU.Build.0 = Debug|Any CPU
		{2A802FDB-8C24-4A0D-A3AA-29555632CB81}.Release|Any CPU.ActiveCfg = Release|Any CPU
		{2A802FDB-8C24-4A0D-A3AA-29555632CB81}.Release|Any CPU.Build.0 = Release|Any CPU
		{FABF7E3F-5F3F-4A28-B2D3-5B5273E08DFE}.Debug|Any CPU.ActiveCfg = Debug|Any CPU
		{FABF7E3F-5F3F-4A28-B2D3-5B5273E08DFE}.Debug|Any CPU.Build.0 = Debug|Any CPU
		{FABF7E3F-5F3F-4A28-B2D3-5B5273E08DFE}.Release|Any CPU.ActiveCfg = Release|Any CPU
		{FABF7E3F-5F3F-4A28-B2D3-5B5273E08DFE}.Release|Any CPU.Build.0 = Release|Any CPU
		{118EFC63-5FDD-4B52-81A9-92F3870FAD35}.Debug|Any CPU.ActiveCfg = Debug|Any CPU
		{118EFC63-5FDD-4B52-81A9-92F3870FAD35}.Debug|Any CPU.Build.0 = Debug|Any CPU
		{118EFC63-5FDD-4B52-81A9-92F3870FAD35}.Release|Any CPU.ActiveCfg = Release|Any CPU
		{118EFC63-5FDD-4B52-81A9-92F3870FAD35}.Release|Any CPU.Build.0 = Release|Any CPU
		{F4A1D988-C2A1-439A-8599-46602100D3F2}.Debug|Any CPU.ActiveCfg = Debug|Any CPU
		{F4A1D988-C2A1-439A-8599-46602100D3F2}.Debug|Any CPU.Build.0 = Debug|Any CPU
		{F4A1D988-C2A1-439A-8599-46602100D3F2}.Release|Any CPU.ActiveCfg = Release|Any CPU
		{F4A1D988-C2A1-439A-8599-46602100D3F2}.Release|Any CPU.Build.0 = Release|Any CPU
		{1855F90A-DB7B-412F-9E0F-368B5730B834}.Debug|Any CPU.ActiveCfg = Debug|Any CPU
		{1855F90A-DB7B-412F-9E0F-368B5730B834}.Debug|Any CPU.Build.0 = Debug|Any CPU
		{1855F90A-DB7B-412F-9E0F-368B5730B834}.Release|Any CPU.ActiveCfg = Release|Any CPU
		{1855F90A-DB7B-412F-9E0F-368B5730B834}.Release|Any CPU.Build.0 = Release|Any CPU
		{CFDAA456-5FE4-4068-9FC2-A0D461955BE7}.Debug|Any CPU.ActiveCfg = Debug|Any CPU
		{CFDAA456-5FE4-4068-9FC2-A0D461955BE7}.Debug|Any CPU.Build.0 = Debug|Any CPU
		{CFDAA456-5FE4-4068-9FC2-A0D461955BE7}.Release|Any CPU.ActiveCfg = Release|Any CPU
		{CFDAA456-5FE4-4068-9FC2-A0D461955BE7}.Release|Any CPU.Build.0 = Release|Any CPU
		{68742CB4-3C69-40A4-ACED-A7009A8F6F71}.Debug|Any CPU.ActiveCfg = Debug|Any CPU
		{68742CB4-3C69-40A4-ACED-A7009A8F6F71}.Debug|Any CPU.Build.0 = Debug|Any CPU
		{68742CB4-3C69-40A4-ACED-A7009A8F6F71}.Release|Any CPU.ActiveCfg = Release|Any CPU
		{68742CB4-3C69-40A4-ACED-A7009A8F6F71}.Release|Any CPU.Build.0 = Release|Any CPU
		{59376FCE-6302-4A7A-82CB-44A2AFD1B335}.Debug|Any CPU.ActiveCfg = Debug|Any CPU
		{59376FCE-6302-4A7A-82CB-44A2AFD1B335}.Debug|Any CPU.Build.0 = Debug|Any CPU
		{59376FCE-6302-4A7A-82CB-44A2AFD1B335}.Release|Any CPU.ActiveCfg = Release|Any CPU
		{59376FCE-6302-4A7A-82CB-44A2AFD1B335}.Release|Any CPU.Build.0 = Release|Any CPU
		{1EA23088-19E2-4B1A-9AEB-3F3A690AD995}.Debug|Any CPU.ActiveCfg = Debug|Any CPU
		{1EA23088-19E2-4B1A-9AEB-3F3A690AD995}.Debug|Any CPU.Build.0 = Debug|Any CPU
		{1EA23088-19E2-4B1A-9AEB-3F3A690AD995}.Release|Any CPU.ActiveCfg = Release|Any CPU
		{1EA23088-19E2-4B1A-9AEB-3F3A690AD995}.Release|Any CPU.Build.0 = Release|Any CPU
		{1273C1B9-D026-45BA-80C2-C4B18E100016}.Debug|Any CPU.ActiveCfg = Debug|Any CPU
		{1273C1B9-D026-45BA-80C2-C4B18E100016}.Debug|Any CPU.Build.0 = Debug|Any CPU
		{1273C1B9-D026-45BA-80C2-C4B18E100016}.Release|Any CPU.ActiveCfg = Release|Any CPU
		{1273C1B9-D026-45BA-80C2-C4B18E100016}.Release|Any CPU.Build.0 = Release|Any CPU
		{BE698EF5-B0F1-4A11-B5C2-6BB3F92D1D04}.Debug|Any CPU.ActiveCfg = Debug|Any CPU
		{BE698EF5-B0F1-4A11-B5C2-6BB3F92D1D04}.Debug|Any CPU.Build.0 = Debug|Any CPU
		{BE698EF5-B0F1-4A11-B5C2-6BB3F92D1D04}.Release|Any CPU.ActiveCfg = Release|Any CPU
		{BE698EF5-B0F1-4A11-B5C2-6BB3F92D1D04}.Release|Any CPU.Build.0 = Release|Any CPU
		{0210ED92-1620-4316-94C8-D2C582C868E0}.Debug|Any CPU.ActiveCfg = Debug|Any CPU
		{0210ED92-1620-4316-94C8-D2C582C868E0}.Debug|Any CPU.Build.0 = Debug|Any CPU
		{0210ED92-1620-4316-94C8-D2C582C868E0}.Release|Any CPU.ActiveCfg = Release|Any CPU
		{0210ED92-1620-4316-94C8-D2C582C868E0}.Release|Any CPU.Build.0 = Release|Any CPU
		{82EF126F-1456-4C33-8E65-DF8B663760A0}.Debug|Any CPU.ActiveCfg = Debug|Any CPU
		{82EF126F-1456-4C33-8E65-DF8B663760A0}.Debug|Any CPU.Build.0 = Debug|Any CPU
		{82EF126F-1456-4C33-8E65-DF8B663760A0}.Release|Any CPU.ActiveCfg = Release|Any CPU
		{82EF126F-1456-4C33-8E65-DF8B663760A0}.Release|Any CPU.Build.0 = Release|Any CPU
		{F7555141-F5CF-4B05-A024-D2E448B169B9}.Debug|Any CPU.ActiveCfg = Debug|Any CPU
		{F7555141-F5CF-4B05-A024-D2E448B169B9}.Debug|Any CPU.Build.0 = Debug|Any CPU
		{F7555141-F5CF-4B05-A024-D2E448B169B9}.Release|Any CPU.ActiveCfg = Release|Any CPU
		{F7555141-F5CF-4B05-A024-D2E448B169B9}.Release|Any CPU.Build.0 = Release|Any CPU
	EndGlobalSection
	GlobalSection(SolutionProperties) = preSolution
		HideSolutionNode = FALSE
	EndGlobalSection
	GlobalSection(NestedProjects) = preSolution
		{038D5471-75E9-44A0-81DB-C012D4DFF783} = {2971E3AC-6F4A-4A46-AB06-8A63FCA121D2}
		{AC79CAE8-BA2E-4469-8EC4-ACEEC78F7C38} = {A67FF981-C647-4CDF-BF05-CAA1FF75BC09}
		{E443103C-A0D3-478C-A856-E32A7DB9A3FD} = {AC79CAE8-BA2E-4469-8EC4-ACEEC78F7C38}
		{188E972F-0248-45A7-A2FF-E7B8E6136E0D} = {E443103C-A0D3-478C-A856-E32A7DB9A3FD}
		{B2AB3A91-B830-43A1-9726-EA98B0158452} = {AC79CAE8-BA2E-4469-8EC4-ACEEC78F7C38}
		{3071BA26-6BB3-4473-A418-2B2528D1C2F1} = {B2AB3A91-B830-43A1-9726-EA98B0158452}
		{FD0193A5-FC2A-4222-95B4-9BFEE1ECD0D8} = {D9230EE7-8C86-41C8-93B4-CBF40A807C05}
		{6EFAA584-743C-4E88-A018-BBBB747CE90A} = {FD0193A5-FC2A-4222-95B4-9BFEE1ECD0D8}
		{FAED669B-88F2-4B25-9432-B86EBE1C2843} = {D9230EE7-8C86-41C8-93B4-CBF40A807C05}
		{3FCFCFEC-2C6D-4F61-8A98-3B0672FD84D0} = {D9230EE7-8C86-41C8-93B4-CBF40A807C05}
		{7D34EA38-E47F-4D10-A5AB-D0D47BEAE20B} = {FAED669B-88F2-4B25-9432-B86EBE1C2843}
		{44E5A341-CC4D-4B7E-A290-28F1CCBFAAE7} = {3FCFCFEC-2C6D-4F61-8A98-3B0672FD84D0}
		{620EA789-3944-4515-8076-1527F48C8C10} = {6EFAA584-743C-4E88-A018-BBBB747CE90A}
		{4846FA6C-3CC1-468C-A376-4292EAA147FC} = {7D34EA38-E47F-4D10-A5AB-D0D47BEAE20B}
		{4853B384-0A97-48F4-93D5-C4B7E1DA2CBF} = {FD0193A5-FC2A-4222-95B4-9BFEE1ECD0D8}
		{0B14C616-369C-45C6-8944-D33AA935A8F5} = {4853B384-0A97-48F4-93D5-C4B7E1DA2CBF}
		{A4CEDAC8-C6F4-4F8D-893D-EFFE412B4FB3} = {FAED669B-88F2-4B25-9432-B86EBE1C2843}
		{BF208DA9-C4E9-4A1A-B625-FC12471741D7} = {A4CEDAC8-C6F4-4F8D-893D-EFFE412B4FB3}
		{1E98688B-386C-41B1-ADA5-E9BB87030FCB} = {44E5A341-CC4D-4B7E-A290-28F1CCBFAAE7}
		{062D05AE-28E9-46C4-B823-5419523B922F} = {3FCFCFEC-2C6D-4F61-8A98-3B0672FD84D0}
		{CE153663-AE75-46EC-91A6-B469E14BD3B6} = {062D05AE-28E9-46C4-B823-5419523B922F}
		{2A802FDB-8C24-4A0D-A3AA-29555632CB81} = {062D05AE-28E9-46C4-B823-5419523B922F}
		{9F748E84-AA03-461C-B61A-6D3C8E35E09D} = {A67FF981-C647-4CDF-BF05-CAA1FF75BC09}
		{464E34F3-2C3A-4B9E-82BC-D3BD336B3B4B} = {9F748E84-AA03-461C-B61A-6D3C8E35E09D}
		{2D9399C9-5C39-418A-A0C7-8C6C84D7F5BF} = {D9230EE7-8C86-41C8-93B4-CBF40A807C05}
		{C7FC31C5-2AD8-4692-B27D-5B51F2AD8D86} = {2D9399C9-5C39-418A-A0C7-8C6C84D7F5BF}
		{F146D767-87DB-45A3-B21F-5BC069D53EFC} = {2D9399C9-5C39-418A-A0C7-8C6C84D7F5BF}
		{BD1C4C8B-C64C-41C0-9B5E-1F7C20875C8F} = {2D9399C9-5C39-418A-A0C7-8C6C84D7F5BF}
		{FABF7E3F-5F3F-4A28-B2D3-5B5273E08DFE} = {464E34F3-2C3A-4B9E-82BC-D3BD336B3B4B}
		{118EFC63-5FDD-4B52-81A9-92F3870FAD35} = {C7FC31C5-2AD8-4692-B27D-5B51F2AD8D86}
		{F4A1D988-C2A1-439A-8599-46602100D3F2} = {4853B384-0A97-48F4-93D5-C4B7E1DA2CBF}
		{1855F90A-DB7B-412F-9E0F-368B5730B834} = {F146D767-87DB-45A3-B21F-5BC069D53EFC}
		{CFDAA456-5FE4-4068-9FC2-A0D461955BE7} = {BD1C4C8B-C64C-41C0-9B5E-1F7C20875C8F}
		{25B26BA1-9CD4-4E25-BBB6-A2EAF4FF61A3} = {D9230EE7-8C86-41C8-93B4-CBF40A807C05}
		{87EB8E1C-E46B-429D-983F-EA55FF4A24FB} = {25B26BA1-9CD4-4E25-BBB6-A2EAF4FF61A3}
		{E2030C68-5B35-40B0-8B39-E5822CC25980} = {25B26BA1-9CD4-4E25-BBB6-A2EAF4FF61A3}
		{68742CB4-3C69-40A4-ACED-A7009A8F6F71} = {87EB8E1C-E46B-429D-983F-EA55FF4A24FB}
		{59376FCE-6302-4A7A-82CB-44A2AFD1B335} = {E2030C68-5B35-40B0-8B39-E5822CC25980}
		{F3698736-37E3-4475-A615-0A480ED64D29} = {EA9128EB-F470-4635-ABC2-52454E61FF8D}
		{18AE0719-8CBE-413A-B229-48BB330910F6} = {F3698736-37E3-4475-A615-0A480ED64D29}
		{1EA23088-19E2-4B1A-9AEB-3F3A690AD995} = {18AE0719-8CBE-413A-B229-48BB330910F6}
		{71A45C28-93B9-46D6-8804-DFEA528EEDE9} = {9F748E84-AA03-461C-B61A-6D3C8E35E09D}
		{1273C1B9-D026-45BA-80C2-C4B18E100016} = {71A45C28-93B9-46D6-8804-DFEA528EEDE9}
		{3DC2C7DD-7925-4769-9012-7EC8124313FA} = {F3698736-37E3-4475-A615-0A480ED64D29}
		{BE698EF5-B0F1-4A11-B5C2-6BB3F92D1D04} = {3DC2C7DD-7925-4769-9012-7EC8124313FA}
		{5F14EFF4-B7D7-4A97-B5FA-A3FFDCD42580} = {EA9128EB-F470-4635-ABC2-52454E61FF8D}
		{B0801DF4-4AAD-4974-9FD7-B7CD7C4A3308} = {5F14EFF4-B7D7-4A97-B5FA-A3FFDCD42580}
		{1D8C7B1B-75ED-4557-A2EE-F715C9A9B856} = {5F14EFF4-B7D7-4A97-B5FA-A3FFDCD42580}
		{0210ED92-1620-4316-94C8-D2C582C868E0} = {B0801DF4-4AAD-4974-9FD7-B7CD7C4A3308}
		{82EF126F-1456-4C33-8E65-DF8B663760A0} = {1D8C7B1B-75ED-4557-A2EE-F715C9A9B856}
		{7D03DF4D-5B2A-43E0-B0F7-CCA3A148DC79} = {2516980D-B0AC-48ED-9C15-E73D4F80A7C0}
		{E9F539FE-E324-4412-B6FE-284AA2686153} = {7D03DF4D-5B2A-43E0-B0F7-CCA3A148DC79}
		{F7555141-F5CF-4B05-A024-D2E448B169B9} = {E9F539FE-E324-4412-B6FE-284AA2686153}
	EndGlobalSection
	GlobalSection(ExtensibilityGlobals) = postSolution
		SolutionGuid = {6A5B145F-29A4-4EE8-BAB3-29FCB87D36A1}
	EndGlobalSection
EndGlobal
